
Microsoft Visual Studio Solution File, Format Version 12.00
# Visual Studio 15
VisualStudioVersion = 15.0.27703.2018
MinimumVisualStudioVersion = 10.0.40219.1
Project("{FAE04EC0-301F-11D3-BF4B-00C04F79EFBC}") = "BRUNO EX14 OBJ", "BRUNO EX14 OBJ\BRUNO EX14 OBJ.csproj", "{B9844946-4B26-43DC-B634-3D839BBBE013}"
EndProject
Global
	GlobalSection(SolutionConfigurationPlatforms) = preSolution
		Debug|Any CPU = Debug|Any CPU
		Release|Any CPU = Release|Any CPU
	EndGlobalSection
	GlobalSection(ProjectConfigurationPlatforms) = postSolution
		{B9844946-4B26-43DC-B634-3D839BBBE013}.Debug|Any CPU.ActiveCfg = Debug|Any CPU
		{B9844946-4B26-43DC-B634-3D839BBBE013}.Debug|Any CPU.Build.0 = Debug|Any CPU
		{B9844946-4B26-43DC-B634-3D839BBBE013}.Release|Any CPU.ActiveCfg = Release|Any CPU
		{B9844946-4B26-43DC-B634-3D839BBBE013}.Release|Any CPU.Build.0 = Release|Any CPU
	EndGlobalSection
	GlobalSection(SolutionProperties) = preSolution
		HideSolutionNode = FALSE
	EndGlobalSection
	GlobalSection(ExtensibilityGlobals) = postSolution
		SolutionGuid = {2E125AB9-6EB3-45AB-96FC-B4BF4CAE5CA4}
	EndGlobalSection
EndGlobal
