
Microsoft Visual Studio Solution File, Format Version 12.00
# Visual Studio 15
VisualStudioVersion = 15.0.27130.2036
MinimumVisualStudioVersion = 10.0.40219.1
Project("{FAE04EC0-301F-11D3-BF4B-00C04F79EFBC}") = "BRUNO EX3 OBJ", "BRUNO EX3 OBJ\BRUNO EX3 OBJ.csproj", "{8561BA45-49DE-4786-8994-9AEFA6AA2118}"
EndProject
Global
	GlobalSection(SolutionConfigurationPlatforms) = preSolution
		Debug|Any CPU = Debug|Any CPU
		Release|Any CPU = Release|Any CPU
	EndGlobalSection
	GlobalSection(ProjectConfigurationPlatforms) = postSolution
		{8561BA45-49DE-4786-8994-9AEFA6AA2118}.Debug|Any CPU.ActiveCfg = Debug|Any CPU
		{8561BA45-49DE-4786-8994-9AEFA6AA2118}.Debug|Any CPU.Build.0 = Debug|Any CPU
		{8561BA45-49DE-4786-8994-9AEFA6AA2118}.Release|Any CPU.ActiveCfg = Release|Any CPU
		{8561BA45-49DE-4786-8994-9AEFA6AA2118}.Release|Any CPU.Build.0 = Release|Any CPU
	EndGlobalSection
	GlobalSection(SolutionProperties) = preSolution
		HideSolutionNode = FALSE
	EndGlobalSection
	GlobalSection(ExtensibilityGlobals) = postSolution
		SolutionGuid = {1E95C633-1982-475D-9B85-01385726022E}
	EndGlobalSection
EndGlobal
