
Microsoft Visual Studio Solution File, Format Version 12.00
# Visual Studio 15
VisualStudioVersion = 15.0.27130.2036
MinimumVisualStudioVersion = 10.0.40219.1
Project("{FAE04EC0-301F-11D3-BF4B-00C04F79EFBC}") = "N1 BRUNO JOAO", "N1 BRUNO JOAO\N1 BRUNO JOAO.csproj", "{3B9223A8-B949-4DA7-9FDE-B1362434122D}"
EndProject
Global
	GlobalSection(SolutionConfigurationPlatforms) = preSolution
		Debug|Any CPU = Debug|Any CPU
		Release|Any CPU = Release|Any CPU
	EndGlobalSection
	GlobalSection(ProjectConfigurationPlatforms) = postSolution
		{3B9223A8-B949-4DA7-9FDE-B1362434122D}.Debug|Any CPU.ActiveCfg = Debug|Any CPU
		{3B9223A8-B949-4DA7-9FDE-B1362434122D}.Debug|Any CPU.Build.0 = Debug|Any CPU
		{3B9223A8-B949-4DA7-9FDE-B1362434122D}.Release|Any CPU.ActiveCfg = Release|Any CPU
		{3B9223A8-B949-4DA7-9FDE-B1362434122D}.Release|Any CPU.Build.0 = Release|Any CPU
	EndGlobalSection
	GlobalSection(SolutionProperties) = preSolution
		HideSolutionNode = FALSE
	EndGlobalSection
	GlobalSection(ExtensibilityGlobals) = postSolution
		SolutionGuid = {84437417-912A-4568-99DA-970E702B7D9E}
	EndGlobalSection
EndGlobal
